// !$*UTF8*$!
{
	archiveVersion = 1;
	classes = {
	};
	objectVersion = 56;
	objects = {

/* Begin PBXBuildFile section */
		7435959628A0BB0F00BABC18 /* WebView.swift in Sources */ = {isa = PBXBuildFile; fileRef = 7435959528A0BB0F00BABC18 /* WebView.swift */; };
		746508E428951782009B554D /* UserProfileSampleAppApp.swift in Sources */ = {isa = PBXBuildFile; fileRef = 746508E328951782009B554D /* UserProfileSampleAppApp.swift */; };
		746508E628951782009B554D /* RepositoryListView.swift in Sources */ = {isa = PBXBuildFile; fileRef = 746508E528951782009B554D /* RepositoryListView.swift */; };
		746508E828951783009B554D /* Icons.xcassets in Resources */ = {isa = PBXBuildFile; fileRef = 746508E728951783009B554D /* Icons.xcassets */; };
		746508EB28951783009B554D /* Preview Assets.xcassets in Resources */ = {isa = PBXBuildFile; fileRef = 746508EA28951783009B554D /* Preview Assets.xcassets */; };
		746508FA28961986009B554D /* SettingsView.swift in Sources */ = {isa = PBXBuildFile; fileRef = 746508F928961986009B554D /* SettingsView.swift */; };
		74A51034289F5C8B0094E1C8 /* Localizable.strings in Resources */ = {isa = PBXBuildFile; fileRef = 74A51036289F5C8B0094E1C8 /* Localizable.strings */; };
		74A5103D289F6E7D0094E1C8 /* Rswift in Frameworks */ = {isa = PBXBuildFile; productRef = 74A5103C289F6E7D0094E1C8 /* Rswift */; };
		74A5103F289F701B0094E1C8 /* R.generated.swift in Sources */ = {isa = PBXBuildFile; fileRef = 74A5103E289F701B0094E1C8 /* R.generated.swift */; };
		74A51041289F878B0094E1C8 /* Localizable.swift in Sources */ = {isa = PBXBuildFile; fileRef = 74A51040289F878B0094E1C8 /* Localizable.swift */; };
		74A51049289F967A0094E1C8 /* Rswift+Extensions.swift in Sources */ = {isa = PBXBuildFile; fileRef = 74A51048289F967A0094E1C8 /* Rswift+Extensions.swift */; };
		74A5104B289F977D0094E1C8 /* Colors.xcassets in Resources */ = {isa = PBXBuildFile; fileRef = 74A5104A289F977D0094E1C8 /* Colors.xcassets */; };
		74A51064289F9FDE0094E1C8 /* APIClient.h in Headers */ = {isa = PBXBuildFile; fileRef = 74A51056289F9FDE0094E1C8 /* APIClient.h */; settings = {ATTRIBUTES = (Public, ); }; };
		74A51067289F9FDE0094E1C8 /* APIClient.framework in Frameworks */ = {isa = PBXBuildFile; fileRef = 74A51054289F9FDE0094E1C8 /* APIClient.framework */; };
		74A51068289F9FDE0094E1C8 /* APIClient.framework in Embed Frameworks */ = {isa = PBXBuildFile; fileRef = 74A51054289F9FDE0094E1C8 /* APIClient.framework */; settings = {ATTRIBUTES = (CodeSignOnCopy, RemoveHeadersOnCopy, ); }; };
		74A51072289FA0220094E1C8 /* Alamofire in Frameworks */ = {isa = PBXBuildFile; productRef = 74A51071289FA0220094E1C8 /* Alamofire */; };
		74A51075289FA0A20094E1C8 /* APIClient.swift in Sources */ = {isa = PBXBuildFile; fileRef = 74A51074289FA0A20094E1C8 /* APIClient.swift */; };
		74A51078289FA2C60094E1C8 /* APIRequest.swift in Sources */ = {isa = PBXBuildFile; fileRef = 74A51077289FA2C60094E1C8 /* APIRequest.swift */; };
		74A5107A289FAB5B0094E1C8 /* GetRepositoryListRequest.swift in Sources */ = {isa = PBXBuildFile; fileRef = 74A51079289FAB5B0094E1C8 /* GetRepositoryListRequest.swift */; };
		74A5107D289FAC200094E1C8 /* VoidResponse.swift in Sources */ = {isa = PBXBuildFile; fileRef = 74A5107C289FAC200094E1C8 /* VoidResponse.swift */; };
		74A5107F289FB1440094E1C8 /* APIError.swift in Sources */ = {isa = PBXBuildFile; fileRef = 74A5107E289FB1440094E1C8 /* APIError.swift */; };
		74A51081289FBE980094E1C8 /* MinimalRepositoryResponse.swift in Sources */ = {isa = PBXBuildFile; fileRef = 74A51080289FBE980094E1C8 /* MinimalRepositoryResponse.swift */; };
		74A51083289FECCD0094E1C8 /* APIMethod.swift in Sources */ = {isa = PBXBuildFile; fileRef = 74A51082289FECCD0094E1C8 /* APIMethod.swift */; };
		74A5108A289FF0FB0094E1C8 /* ReloadableErrorView.swift in Sources */ = {isa = PBXBuildFile; fileRef = 74A51089289FF0FB0094E1C8 /* ReloadableErrorView.swift */; };
		74A5108C28A081580094E1C8 /* LoadState.swift in Sources */ = {isa = PBXBuildFile; fileRef = 74A5108B28A081580094E1C8 /* LoadState.swift */; };
		74A5109428A0A1700094E1C8 /* APIResponse.swift in Sources */ = {isa = PBXBuildFile; fileRef = 74A5109328A0A1700094E1C8 /* APIResponse.swift */; };
		74FC4EA928962B8F005B8B83 /* UserSettings.swift in Sources */ = {isa = PBXBuildFile; fileRef = 74FC4EA828962B8F005B8B83 /* UserSettings.swift */; };
/* End PBXBuildFile section */

/* Begin PBXContainerItemProxy section */
		74A51065289F9FDE0094E1C8 /* PBXContainerItemProxy */ = {
			isa = PBXContainerItemProxy;
			containerPortal = 746508D828951782009B554D /* Project object */;
			proxyType = 1;
			remoteGlobalIDString = 74A51053289F9FDE0094E1C8;
			remoteInfo = APIClient;
		};
/* End PBXContainerItemProxy section */

/* Begin PBXCopyFilesBuildPhase section */
		74A5106C289F9FDE0094E1C8 /* Embed Frameworks */ = {
			isa = PBXCopyFilesBuildPhase;
			buildActionMask = 2147483647;
			dstPath = "";
			dstSubfolderSpec = 10;
			files = (
				74A51068289F9FDE0094E1C8 /* APIClient.framework in Embed Frameworks */,
			);
			name = "Embed Frameworks";
			runOnlyForDeploymentPostprocessing = 0;
		};
/* End PBXCopyFilesBuildPhase section */

/* Begin PBXFileReference section */
		7435959528A0BB0F00BABC18 /* WebView.swift */ = {isa = PBXFileReference; lastKnownFileType = sourcecode.swift; path = WebView.swift; sourceTree = "<group>"; };
		746508E028951782009B554D /* App.app */ = {isa = PBXFileReference; explicitFileType = wrapper.application; includeInIndex = 0; path = App.app; sourceTree = BUILT_PRODUCTS_DIR; };
		746508E328951782009B554D /* UserProfileSampleAppApp.swift */ = {isa = PBXFileReference; lastKnownFileType = sourcecode.swift; path = UserProfileSampleAppApp.swift; sourceTree = "<group>"; };
		746508E528951782009B554D /* RepositoryListView.swift */ = {isa = PBXFileReference; lastKnownFileType = sourcecode.swift; path = RepositoryListView.swift; sourceTree = "<group>"; };
		746508E728951783009B554D /* Icons.xcassets */ = {isa = PBXFileReference; lastKnownFileType = folder.assetcatalog; path = Icons.xcassets; sourceTree = "<group>"; };
		746508EA28951783009B554D /* Preview Assets.xcassets */ = {isa = PBXFileReference; lastKnownFileType = folder.assetcatalog; path = "Preview Assets.xcassets"; sourceTree = "<group>"; };
		746508F928961986009B554D /* SettingsView.swift */ = {isa = PBXFileReference; lastKnownFileType = sourcecode.swift; path = SettingsView.swift; sourceTree = "<group>"; };
		74A51035289F5C8B0094E1C8 /* en */ = {isa = PBXFileReference; lastKnownFileType = text.plist.strings; name = en; path = en.lproj/Localizable.strings; sourceTree = "<group>"; };
		74A51037289F5CA30094E1C8 /* ja */ = {isa = PBXFileReference; lastKnownFileType = text.plist.strings; name = ja; path = ja.lproj/Localizable.strings; sourceTree = "<group>"; };
		74A5103E289F701B0094E1C8 /* R.generated.swift */ = {isa = PBXFileReference; fileEncoding = 4; lastKnownFileType = sourcecode.swift; path = R.generated.swift; sourceTree = "<group>"; };
		74A51040289F878B0094E1C8 /* Localizable.swift */ = {isa = PBXFileReference; lastKnownFileType = sourcecode.swift; path = Localizable.swift; sourceTree = "<group>"; };
		74A51048289F967A0094E1C8 /* Rswift+Extensions.swift */ = {isa = PBXFileReference; lastKnownFileType = sourcecode.swift; path = "Rswift+Extensions.swift"; sourceTree = "<group>"; };
		74A5104A289F977D0094E1C8 /* Colors.xcassets */ = {isa = PBXFileReference; lastKnownFileType = folder.assetcatalog; path = Colors.xcassets; sourceTree = "<group>"; };
		74A51054289F9FDE0094E1C8 /* APIClient.framework */ = {isa = PBXFileReference; explicitFileType = wrapper.framework; includeInIndex = 0; path = APIClient.framework; sourceTree = BUILT_PRODUCTS_DIR; };
		74A51056289F9FDE0094E1C8 /* APIClient.h */ = {isa = PBXFileReference; lastKnownFileType = sourcecode.c.h; path = APIClient.h; sourceTree = "<group>"; };
		74A51074289FA0A20094E1C8 /* APIClient.swift */ = {isa = PBXFileReference; lastKnownFileType = sourcecode.swift; path = APIClient.swift; sourceTree = "<group>"; };
		74A51077289FA2C60094E1C8 /* APIRequest.swift */ = {isa = PBXFileReference; lastKnownFileType = sourcecode.swift; path = APIRequest.swift; sourceTree = "<group>"; };
		74A51079289FAB5B0094E1C8 /* GetRepositoryListRequest.swift */ = {isa = PBXFileReference; lastKnownFileType = sourcecode.swift; path = GetRepositoryListRequest.swift; sourceTree = "<group>"; };
		74A5107C289FAC200094E1C8 /* VoidResponse.swift */ = {isa = PBXFileReference; lastKnownFileType = sourcecode.swift; path = VoidResponse.swift; sourceTree = "<group>"; };
		74A5107E289FB1440094E1C8 /* APIError.swift */ = {isa = PBXFileReference; lastKnownFileType = sourcecode.swift; path = APIError.swift; sourceTree = "<group>"; };
		74A51080289FBE980094E1C8 /* MinimalRepositoryResponse.swift */ = {isa = PBXFileReference; lastKnownFileType = sourcecode.swift; path = MinimalRepositoryResponse.swift; sourceTree = "<group>"; };
		74A51082289FECCD0094E1C8 /* APIMethod.swift */ = {isa = PBXFileReference; lastKnownFileType = sourcecode.swift; path = APIMethod.swift; sourceTree = "<group>"; };
		74A51089289FF0FB0094E1C8 /* ReloadableErrorView.swift */ = {isa = PBXFileReference; lastKnownFileType = sourcecode.swift; path = ReloadableErrorView.swift; sourceTree = "<group>"; };
		74A5108B28A081580094E1C8 /* LoadState.swift */ = {isa = PBXFileReference; lastKnownFileType = sourcecode.swift; path = LoadState.swift; sourceTree = "<group>"; };
		74A5109328A0A1700094E1C8 /* APIResponse.swift */ = {isa = PBXFileReference; lastKnownFileType = sourcecode.swift; path = APIResponse.swift; sourceTree = "<group>"; };
		74FC4EA828962B8F005B8B83 /* UserSettings.swift */ = {isa = PBXFileReference; lastKnownFileType = sourcecode.swift; path = UserSettings.swift; sourceTree = "<group>"; };
/* End PBXFileReference section */

/* Begin PBXFrameworksBuildPhase section */
		746508DD28951782009B554D /* Frameworks */ = {
			isa = PBXFrameworksBuildPhase;
			buildActionMask = 2147483647;
			files = (
				74A5103D289F6E7D0094E1C8 /* Rswift in Frameworks */,
				74A51067289F9FDE0094E1C8 /* APIClient.framework in Frameworks */,
			);
			runOnlyForDeploymentPostprocessing = 0;
		};
		74A51051289F9FDE0094E1C8 /* Frameworks */ = {
			isa = PBXFrameworksBuildPhase;
			buildActionMask = 2147483647;
			files = (
				74A51072289FA0220094E1C8 /* Alamofire in Frameworks */,
			);
			runOnlyForDeploymentPostprocessing = 0;
		};
/* End PBXFrameworksBuildPhase section */

/* Begin PBXGroup section */
		746508D728951782009B554D = {
			isa = PBXGroup;
			children = (
				746508E228951782009B554D /* App */,
				74A51055289F9FDE0094E1C8 /* APIClient */,
				746508E128951782009B554D /* Products */,
				74A51070289FA0220094E1C8 /* Frameworks */,
			);
			sourceTree = "<group>";
		};
		746508E128951782009B554D /* Products */ = {
			isa = PBXGroup;
			children = (
				746508E028951782009B554D /* App.app */,
				74A51054289F9FDE0094E1C8 /* APIClient.framework */,
			);
			name = Products;
			sourceTree = "<group>";
		};
		746508E228951782009B554D /* App */ = {
			isa = PBXGroup;
			children = (
				74FC4EA728962B72005B8B83 /* Model */,
				746508F228953557009B554D /* UI */,
				746508E328951782009B554D /* UserProfileSampleAppApp.swift */,
				746508E728951783009B554D /* Icons.xcassets */,
				746508E928951783009B554D /* Preview Content */,
			);
			path = App;
			sourceTree = "<group>";
		};
		746508E928951783009B554D /* Preview Content */ = {
			isa = PBXGroup;
			children = (
				746508EA28951783009B554D /* Preview Assets.xcassets */,
			);
			path = "Preview Content";
			sourceTree = "<group>";
		};
		746508F228953557009B554D /* UI */ = {
			isa = PBXGroup;
			children = (
				74A5103A289F6BBF0094E1C8 /* Generated */,
				74A51031289F5B7E0094E1C8 /* Text */,
				746508F428953597009B554D /* Color */,
				746508F32895358F009B554D /* View */,
			);
			path = UI;
			sourceTree = "<group>";
		};
		746508F32895358F009B554D /* View */ = {
			isa = PBXGroup;
			children = (
				74A5108E28A09CC10094E1C8 /* Common */,
				74A5108D28A09CB50094E1C8 /* RepositoryList */,
				746508F82896196A009B554D /* Settings */,
			);
			path = View;
			sourceTree = "<group>";
		};
		746508F428953597009B554D /* Color */ = {
			isa = PBXGroup;
			children = (
				74A5104A289F977D0094E1C8 /* Colors.xcassets */,
				74A51048289F967A0094E1C8 /* Rswift+Extensions.swift */,
			);
			path = Color;
			sourceTree = "<group>";
		};
		746508F82896196A009B554D /* Settings */ = {
			isa = PBXGroup;
			children = (
				746508F928961986009B554D /* SettingsView.swift */,
			);
			path = Settings;
			sourceTree = "<group>";
		};
		74A51031289F5B7E0094E1C8 /* Text */ = {
			isa = PBXGroup;
			children = (
				74A51036289F5C8B0094E1C8 /* Localizable.strings */,
				74A51040289F878B0094E1C8 /* Localizable.swift */,
			);
			path = Text;
			sourceTree = "<group>";
		};
		74A5103A289F6BBF0094E1C8 /* Generated */ = {
			isa = PBXGroup;
			children = (
				74A5103E289F701B0094E1C8 /* R.generated.swift */,
			);
			path = Generated;
			sourceTree = "<group>";
		};
		74A51055289F9FDE0094E1C8 /* APIClient */ = {
			isa = PBXGroup;
			children = (
				74A51073289FA0910094E1C8 /* Request */,
				74A5107B289FAC100094E1C8 /* Response */,
				74A5107E289FB1440094E1C8 /* APIError.swift */,
				74A51056289F9FDE0094E1C8 /* APIClient.h */,
				74A51074289FA0A20094E1C8 /* APIClient.swift */,
				74A51077289FA2C60094E1C8 /* APIRequest.swift */,
				74A51082289FECCD0094E1C8 /* APIMethod.swift */,
				74A5109328A0A1700094E1C8 /* APIResponse.swift */,
			);
			path = APIClient;
			sourceTree = "<group>";
		};
		74A51070289FA0220094E1C8 /* Frameworks */ = {
			isa = PBXGroup;
			children = (
			);
			name = Frameworks;
			sourceTree = "<group>";
		};
		74A51073289FA0910094E1C8 /* Request */ = {
			isa = PBXGroup;
			children = (
				74A51079289FAB5B0094E1C8 /* GetRepositoryListRequest.swift */,
			);
			path = Request;
			sourceTree = "<group>";
		};
		74A5107B289FAC100094E1C8 /* Response */ = {
			isa = PBXGroup;
			children = (
				74A5107C289FAC200094E1C8 /* VoidResponse.swift */,
				74A51080289FBE980094E1C8 /* MinimalRepositoryResponse.swift */,
			);
			path = Response;
			sourceTree = "<group>";
		};
		74A5108D28A09CB50094E1C8 /* RepositoryList */ = {
			isa = PBXGroup;
			children = (
				746508E528951782009B554D /* RepositoryListView.swift */,
			);
			path = RepositoryList;
			sourceTree = "<group>";
		};
		74A5108E28A09CC10094E1C8 /* Common */ = {
			isa = PBXGroup;
			children = (
				74A51089289FF0FB0094E1C8 /* ReloadableErrorView.swift */,
				7435959528A0BB0F00BABC18 /* WebView.swift */,
			);
			path = Common;
			sourceTree = "<group>";
		};
		74FC4EA728962B72005B8B83 /* Model */ = {
			isa = PBXGroup;
			children = (
				74A5108B28A081580094E1C8 /* LoadState.swift */,
				74FC4EA828962B8F005B8B83 /* UserSettings.swift */,
			);
			path = Model;
			sourceTree = "<group>";
		};
/* End PBXGroup section */

/* Begin PBXHeadersBuildPhase section */
		74A5104F289F9FDE0094E1C8 /* Headers */ = {
			isa = PBXHeadersBuildPhase;
			buildActionMask = 2147483647;
			files = (
				74A51064289F9FDE0094E1C8 /* APIClient.h in Headers */,
			);
			runOnlyForDeploymentPostprocessing = 0;
		};
/* End PBXHeadersBuildPhase section */

/* Begin PBXNativeTarget section */
		746508DF28951782009B554D /* App */ = {
			isa = PBXNativeTarget;
			buildConfigurationList = 746508EE28951783009B554D /* Build configuration list for PBXNativeTarget "App" */;
			buildPhases = (
				74A51038289F6B370094E1C8 /* R.swift */,
				746508DC28951782009B554D /* Sources */,
				746508DD28951782009B554D /* Frameworks */,
				746508DE28951782009B554D /* Resources */,
				74A5106C289F9FDE0094E1C8 /* Embed Frameworks */,
			);
			buildRules = (
			);
			dependencies = (
				74A51066289F9FDE0094E1C8 /* PBXTargetDependency */,
			);
			name = App;
			packageProductDependencies = (
				74A5103C289F6E7D0094E1C8 /* Rswift */,
			);
			productName = UserProfileSampleApp;
			productReference = 746508E028951782009B554D /* App.app */;
			productType = "com.apple.product-type.application";
		};
		74A51053289F9FDE0094E1C8 /* APIClient */ = {
			isa = PBXNativeTarget;
			buildConfigurationList = 74A51069289F9FDE0094E1C8 /* Build configuration list for PBXNativeTarget "APIClient" */;
			buildPhases = (
				74A5104F289F9FDE0094E1C8 /* Headers */,
				74A51050289F9FDE0094E1C8 /* Sources */,
				74A51051289F9FDE0094E1C8 /* Frameworks */,
				74A51052289F9FDE0094E1C8 /* Resources */,
			);
			buildRules = (
			);
			dependencies = (
			);
			name = APIClient;
			packageProductDependencies = (
				74A51071289FA0220094E1C8 /* Alamofire */,
			);
			productName = APIClient;
			productReference = 74A51054289F9FDE0094E1C8 /* APIClient.framework */;
			productType = "com.apple.product-type.framework";
		};
/* End PBXNativeTarget section */

/* Begin PBXProject section */
		746508D828951782009B554D /* Project object */ = {
			isa = PBXProject;
			attributes = {
				BuildIndependentTargetsInParallel = 1;
				LastSwiftUpdateCheck = 1400;
				LastUpgradeCheck = 1400;
				TargetAttributes = {
					746508DF28951782009B554D = {
						CreatedOnToolsVersion = 14.0;
					};
					74A51053289F9FDE0094E1C8 = {
						CreatedOnToolsVersion = 14.0;
						LastSwiftMigration = 1400;
					};
				};
			};
			buildConfigurationList = 746508DB28951782009B554D /* Build configuration list for PBXProject "UserProfileSampleApp" */;
			compatibilityVersion = "Xcode 14.0";
			developmentRegion = en;
			hasScannedForEncodings = 0;
			knownRegions = (
				en,
				Base,
				ja,
			);
			mainGroup = 746508D728951782009B554D;
			packageReferences = (
				74A5103B289F6E7D0094E1C8 /* XCRemoteSwiftPackageReference "R.swift" */,
				74A5104C289F9E770094E1C8 /* XCRemoteSwiftPackageReference "Alamofire" */,
			);
			productRefGroup = 746508E128951782009B554D /* Products */;
			projectDirPath = "";
			projectRoot = "";
			targets = (
				746508DF28951782009B554D /* App */,
				74A51053289F9FDE0094E1C8 /* APIClient */,
			);
		};
/* End PBXProject section */

/* Begin PBXResourcesBuildPhase section */
		746508DE28951782009B554D /* Resources */ = {
			isa = PBXResourcesBuildPhase;
			buildActionMask = 2147483647;
			files = (
				746508EB28951783009B554D /* Preview Assets.xcassets in Resources */,
				74A51034289F5C8B0094E1C8 /* Localizable.strings in Resources */,
				74A5104B289F977D0094E1C8 /* Colors.xcassets in Resources */,
				746508E828951783009B554D /* Icons.xcassets in Resources */,
			);
			runOnlyForDeploymentPostprocessing = 0;
		};
		74A51052289F9FDE0094E1C8 /* Resources */ = {
			isa = PBXResourcesBuildPhase;
			buildActionMask = 2147483647;
			files = (
			);
			runOnlyForDeploymentPostprocessing = 0;
		};
/* End PBXResourcesBuildPhase section */

/* Begin PBXShellScriptBuildPhase section */
		74A51038289F6B370094E1C8 /* R.swift */ = {
			isa = PBXShellScriptBuildPhase;
			alwaysOutOfDate = 1;
			buildActionMask = 2147483647;
			files = (
			);
			inputFileListPaths = (
			);
			inputPaths = (
			);
			name = R.swift;
			outputFileListPaths = (
			);
			outputPaths = (
				$SRCROOT/App/UI/Generated/R.generated.swift,
			);
			runOnlyForDeploymentPostprocessing = 0;
			shellPath = /bin/sh;
			shellScript = "# https://github.com/mac-cain13/R.swift#first-install-rswift-binary-and-run-script-phase\nif mint list | grep -q 'R.swift'; then\n  mint run R.swift rswift generate \"$SRCROOT/App/UI/Generated/R.generated.swift\"\nelse\n  echo \"error: R.swift not installed; run 'mint bootstrap' to install\"\n  return -1\nfi\n";
		};
/* End PBXShellScriptBuildPhase section */

/* Begin PBXSourcesBuildPhase section */
		746508DC28951782009B554D /* Sources */ = {
			isa = PBXSourcesBuildPhase;
			buildActionMask = 2147483647;
			files = (
				74FC4EA928962B8F005B8B83 /* UserSettings.swift in Sources */,
				74A51041289F878B0094E1C8 /* Localizable.swift in Sources */,
				74A5108A289FF0FB0094E1C8 /* ReloadableErrorView.swift in Sources */,
				746508E628951782009B554D /* RepositoryListView.swift in Sources */,
				746508FA28961986009B554D /* SettingsView.swift in Sources */,
				74A51049289F967A0094E1C8 /* Rswift+Extensions.swift in Sources */,
				74A5108C28A081580094E1C8 /* LoadState.swift in Sources */,
				7435959628A0BB0F00BABC18 /* WebView.swift in Sources */,
				746508E428951782009B554D /* UserProfileSampleAppApp.swift in Sources */,
				74A5103F289F701B0094E1C8 /* R.generated.swift in Sources */,
			);
			runOnlyForDeploymentPostprocessing = 0;
		};
		74A51050289F9FDE0094E1C8 /* Sources */ = {
			isa = PBXSourcesBuildPhase;
			buildActionMask = 2147483647;
			files = (
				74A51078289FA2C60094E1C8 /* APIRequest.swift in Sources */,
				74A51075289FA0A20094E1C8 /* APIClient.swift in Sources */,
				74A51083289FECCD0094E1C8 /* APIMethod.swift in Sources */,
				74A5107D289FAC200094E1C8 /* VoidResponse.swift in Sources */,
				74A5107F289FB1440094E1C8 /* APIError.swift in Sources */,
				74A5109428A0A1700094E1C8 /* APIResponse.swift in Sources */,
				74A51081289FBE980094E1C8 /* MinimalRepositoryResponse.swift in Sources */,
				74A5107A289FAB5B0094E1C8 /* GetRepositoryListRequest.swift in Sources */,
			);
			runOnlyForDeploymentPostprocessing = 0;
		};
/* End PBXSourcesBuildPhase section */

/* Begin PBXTargetDependency section */
		74A51066289F9FDE0094E1C8 /* PBXTargetDependency */ = {
			isa = PBXTargetDependency;
			target = 74A51053289F9FDE0094E1C8 /* APIClient */;
			targetProxy = 74A51065289F9FDE0094E1C8 /* PBXContainerItemProxy */;
		};
/* End PBXTargetDependency section */

/* Begin PBXVariantGroup section */
		74A51036289F5C8B0094E1C8 /* Localizable.strings */ = {
			isa = PBXVariantGroup;
			children = (
				74A51035289F5C8B0094E1C8 /* en */,
				74A51037289F5CA30094E1C8 /* ja */,
			);
			name = Localizable.strings;
			sourceTree = "<group>";
		};
/* End PBXVariantGroup section */

/* Begin XCBuildConfiguration section */
		746508EC28951783009B554D /* Debug */ = {
			isa = XCBuildConfiguration;
			buildSettings = {
				ALWAYS_SEARCH_USER_PATHS = NO;
				CLANG_ANALYZER_LOCALIZABILITY_NONLOCALIZED = YES;
				CLANG_ANALYZER_NONNULL = YES;
				CLANG_ANALYZER_NUMBER_OBJECT_CONVERSION = YES_AGGRESSIVE;
				CLANG_CXX_LANGUAGE_STANDARD = "gnu++20";
				CLANG_ENABLE_MODULES = YES;
				CLANG_ENABLE_OBJC_ARC = YES;
				CLANG_ENABLE_OBJC_WEAK = YES;
				CLANG_WARN_BLOCK_CAPTURE_AUTORELEASING = YES;
				CLANG_WARN_BOOL_CONVERSION = YES;
				CLANG_WARN_COMMA = YES;
				CLANG_WARN_CONSTANT_CONVERSION = YES;
				CLANG_WARN_DEPRECATED_OBJC_IMPLEMENTATIONS = YES;
				CLANG_WARN_DIRECT_OBJC_ISA_USAGE = YES_ERROR;
				CLANG_WARN_DOCUMENTATION_COMMENTS = YES;
				CLANG_WARN_EMPTY_BODY = YES;
				CLANG_WARN_ENUM_CONVERSION = YES;
				CLANG_WARN_INFINITE_RECURSION = YES;
				CLANG_WARN_INT_CONVERSION = YES;
				CLANG_WARN_NON_LITERAL_NULL_CONVERSION = YES;
				CLANG_WARN_OBJC_IMPLICIT_RETAIN_SELF = YES;
				CLANG_WARN_OBJC_LITERAL_CONVERSION = YES;
				CLANG_WARN_OBJC_ROOT_CLASS = YES_ERROR;
				CLANG_WARN_QUOTED_INCLUDE_IN_FRAMEWORK_HEADER = YES;
				CLANG_WARN_RANGE_LOOP_ANALYSIS = YES;
				CLANG_WARN_STRICT_PROTOTYPES = YES;
				CLANG_WARN_SUSPICIOUS_MOVE = YES;
				CLANG_WARN_UNGUARDED_AVAILABILITY = YES_AGGRESSIVE;
				CLANG_WARN_UNREACHABLE_CODE = YES;
				CLANG_WARN__DUPLICATE_METHOD_MATCH = YES;
				COPY_PHASE_STRIP = NO;
				DEBUG_INFORMATION_FORMAT = dwarf;
				ENABLE_STRICT_OBJC_MSGSEND = YES;
				ENABLE_TESTABILITY = YES;
				GCC_C_LANGUAGE_STANDARD = gnu11;
				GCC_DYNAMIC_NO_PIC = NO;
				GCC_NO_COMMON_BLOCKS = YES;
				GCC_OPTIMIZATION_LEVEL = 0;
				GCC_PREPROCESSOR_DEFINITIONS = (
					"DEBUG=1",
					"$(inherited)",
				);
				GCC_WARN_64_TO_32_BIT_CONVERSION = YES;
				GCC_WARN_ABOUT_RETURN_TYPE = YES_ERROR;
				GCC_WARN_UNDECLARED_SELECTOR = YES;
				GCC_WARN_UNINITIALIZED_AUTOS = YES_AGGRESSIVE;
				GCC_WARN_UNUSED_FUNCTION = YES;
				GCC_WARN_UNUSED_VARIABLE = YES;
				IPHONEOS_DEPLOYMENT_TARGET = 16.0;
				MTL_ENABLE_DEBUG_INFO = INCLUDE_SOURCE;
				MTL_FAST_MATH = YES;
				ONLY_ACTIVE_ARCH = YES;
				SDKROOT = iphoneos;
				SWIFT_ACTIVE_COMPILATION_CONDITIONS = DEBUG;
				SWIFT_OPTIMIZATION_LEVEL = "-Onone";
			};
			name = Debug;
		};
		746508ED28951783009B554D /* Release */ = {
			isa = XCBuildConfiguration;
			buildSettings = {
				ALWAYS_SEARCH_USER_PATHS = NO;
				CLANG_ANALYZER_LOCALIZABILITY_NONLOCALIZED = YES;
				CLANG_ANALYZER_NONNULL = YES;
				CLANG_ANALYZER_NUMBER_OBJECT_CONVERSION = YES_AGGRESSIVE;
				CLANG_CXX_LANGUAGE_STANDARD = "gnu++20";
				CLANG_ENABLE_MODULES = YES;
				CLANG_ENABLE_OBJC_ARC = YES;
				CLANG_ENABLE_OBJC_WEAK = YES;
				CLANG_WARN_BLOCK_CAPTURE_AUTORELEASING = YES;
				CLANG_WARN_BOOL_CONVERSION = YES;
				CLANG_WARN_COMMA = YES;
				CLANG_WARN_CONSTANT_CONVERSION = YES;
				CLANG_WARN_DEPRECATED_OBJC_IMPLEMENTATIONS = YES;
				CLANG_WARN_DIRECT_OBJC_ISA_USAGE = YES_ERROR;
				CLANG_WARN_DOCUMENTATION_COMMENTS = YES;
				CLANG_WARN_EMPTY_BODY = YES;
				CLANG_WARN_ENUM_CONVERSION = YES;
				CLANG_WARN_INFINITE_RECURSION = YES;
				CLANG_WARN_INT_CONVERSION = YES;
				CLANG_WARN_NON_LITERAL_NULL_CONVERSION = YES;
				CLANG_WARN_OBJC_IMPLICIT_RETAIN_SELF = YES;
				CLANG_WARN_OBJC_LITERAL_CONVERSION = YES;
				CLANG_WARN_OBJC_ROOT_CLASS = YES_ERROR;
				CLANG_WARN_QUOTED_INCLUDE_IN_FRAMEWORK_HEADER = YES;
				CLANG_WARN_RANGE_LOOP_ANALYSIS = YES;
				CLANG_WARN_STRICT_PROTOTYPES = YES;
				CLANG_WARN_SUSPICIOUS_MOVE = YES;
				CLANG_WARN_UNGUARDED_AVAILABILITY = YES_AGGRESSIVE;
				CLANG_WARN_UNREACHABLE_CODE = YES;
				CLANG_WARN__DUPLICATE_METHOD_MATCH = YES;
				COPY_PHASE_STRIP = NO;
				DEBUG_INFORMATION_FORMAT = "dwarf-with-dsym";
				ENABLE_NS_ASSERTIONS = NO;
				ENABLE_STRICT_OBJC_MSGSEND = YES;
				GCC_C_LANGUAGE_STANDARD = gnu11;
				GCC_NO_COMMON_BLOCKS = YES;
				GCC_WARN_64_TO_32_BIT_CONVERSION = YES;
				GCC_WARN_ABOUT_RETURN_TYPE = YES_ERROR;
				GCC_WARN_UNDECLARED_SELECTOR = YES;
				GCC_WARN_UNINITIALIZED_AUTOS = YES_AGGRESSIVE;
				GCC_WARN_UNUSED_FUNCTION = YES;
				GCC_WARN_UNUSED_VARIABLE = YES;
				IPHONEOS_DEPLOYMENT_TARGET = 16.0;
				MTL_ENABLE_DEBUG_INFO = NO;
				MTL_FAST_MATH = YES;
				SDKROOT = iphoneos;
				SWIFT_COMPILATION_MODE = wholemodule;
				SWIFT_OPTIMIZATION_LEVEL = "-O";
				VALIDATE_PRODUCT = YES;
			};
			name = Release;
		};
		746508EF28951783009B554D /* Debug */ = {
			isa = XCBuildConfiguration;
			buildSettings = {
				ALWAYS_EMBED_SWIFT_STANDARD_LIBRARIES = YES;
				ASSETCATALOG_COMPILER_APPICON_NAME = AppIcon;
				ASSETCATALOG_COMPILER_GLOBAL_ACCENT_COLOR_NAME = contentBase;
				CODE_SIGN_STYLE = Automatic;
				CURRENT_PROJECT_VERSION = 1;
				DEVELOPMENT_ASSET_PATHS = "\"App/Preview Content\"";
				DEVELOPMENT_TEAM = BCHSN8LJQT;
				ENABLE_PREVIEWS = YES;
				GENERATE_INFOPLIST_FILE = YES;
				INFOPLIST_KEY_UIApplicationSceneManifest_Generation = YES;
				INFOPLIST_KEY_UIApplicationSupportsIndirectInputEvents = YES;
				INFOPLIST_KEY_UILaunchScreen_Generation = YES;
				INFOPLIST_KEY_UISupportedInterfaceOrientations_iPad = "UIInterfaceOrientationPortrait UIInterfaceOrientationPortraitUpsideDown UIInterfaceOrientationLandscapeLeft UIInterfaceOrientationLandscapeRight";
				INFOPLIST_KEY_UISupportedInterfaceOrientations_iPhone = "UIInterfaceOrientationPortrait UIInterfaceOrientationLandscapeLeft UIInterfaceOrientationLandscapeRight";
				LD_RUNPATH_SEARCH_PATHS = (
					"$(inherited)",
					"@executable_path/Frameworks",
				);
				MARKETING_VERSION = 1.0;
				PRODUCT_BUNDLE_IDENTIFIER = "com.zrn-ns.UserProfileSampleApp";
				PRODUCT_NAME = "$(TARGET_NAME)";
				SWIFT_EMIT_LOC_STRINGS = YES;
				SWIFT_VERSION = 5.0;
				TARGETED_DEVICE_FAMILY = "1,2";
			};
			name = Debug;
		};
		746508F028951783009B554D /* Release */ = {
			isa = XCBuildConfiguration;
			buildSettings = {
				ALWAYS_EMBED_SWIFT_STANDARD_LIBRARIES = YES;
				ASSETCATALOG_COMPILER_APPICON_NAME = AppIcon;
				ASSETCATALOG_COMPILER_GLOBAL_ACCENT_COLOR_NAME = contentBase;
				CODE_SIGN_STYLE = Automatic;
				CURRENT_PROJECT_VERSION = 1;
				DEVELOPMENT_ASSET_PATHS = "\"App/Preview Content\"";
				DEVELOPMENT_TEAM = BCHSN8LJQT;
				ENABLE_PREVIEWS = YES;
				GENERATE_INFOPLIST_FILE = YES;
				INFOPLIST_KEY_UIApplicationSceneManifest_Generation = YES;
				INFOPLIST_KEY_UIApplicationSupportsIndirectInputEvents = YES;
				INFOPLIST_KEY_UILaunchScreen_Generation = YES;
				INFOPLIST_KEY_UISupportedInterfaceOrientations_iPad = "UIInterfaceOrientationPortrait UIInterfaceOrientationPortraitUpsideDown UIInterfaceOrientationLandscapeLeft UIInterfaceOrientationLandscapeRight";
				INFOPLIST_KEY_UISupportedInterfaceOrientations_iPhone = "UIInterfaceOrientationPortrait UIInterfaceOrientationLandscapeLeft UIInterfaceOrientationLandscapeRight";
				LD_RUNPATH_SEARCH_PATHS = (
					"$(inherited)",
					"@executable_path/Frameworks",
				);
				MARKETING_VERSION = 1.0;
				PRODUCT_BUNDLE_IDENTIFIER = "com.zrn-ns.UserProfileSampleApp";
				PRODUCT_NAME = "$(TARGET_NAME)";
				SWIFT_EMIT_LOC_STRINGS = YES;
				SWIFT_VERSION = 5.0;
				TARGETED_DEVICE_FAMILY = "1,2";
			};
			name = Release;
		};
		74A5106A289F9FDE0094E1C8 /* Debug */ = {
			isa = XCBuildConfiguration;
			buildSettings = {
				CLANG_ENABLE_MODULES = YES;
				CODE_SIGN_STYLE = Automatic;
				CURRENT_PROJECT_VERSION = 1;
				DEFINES_MODULE = YES;
				DEVELOPMENT_TEAM = BCHSN8LJQT;
				DYLIB_COMPATIBILITY_VERSION = 1;
				DYLIB_CURRENT_VERSION = 1;
				DYLIB_INSTALL_NAME_BASE = "@rpath";
				GENERATE_INFOPLIST_FILE = YES;
				INFOPLIST_KEY_NSHumanReadableCopyright = "";
				INSTALL_PATH = "$(LOCAL_LIBRARY_DIR)/Frameworks";
				IPHONEOS_DEPLOYMENT_TARGET = 16.0;
				LD_RUNPATH_SEARCH_PATHS = (
					"@executable_path/Frameworks",
					"@loader_path/Frameworks",
				);
				"LD_RUNPATH_SEARCH_PATHS[sdk=macosx*]" = (
					"@executable_path/../Frameworks",
					"@loader_path/Frameworks",
				);
				MACOSX_DEPLOYMENT_TARGET = 12.5;
				MARKETING_VERSION = 1.0;
				PRODUCT_BUNDLE_IDENTIFIER = "com.zrn-ns.APIClient";
				PRODUCT_NAME = "$(TARGET_NAME:c99extidentifier)";
				SDKROOT = auto;
				SKIP_INSTALL = YES;
				SUPPORTED_PLATFORMS = "iphoneos iphonesimulator macosx";
				SWIFT_EMIT_LOC_STRINGS = YES;
				SWIFT_OPTIMIZATION_LEVEL = "-Onone";
				SWIFT_VERSION = 5.0;
				TARGETED_DEVICE_FAMILY = "1,2";
				VERSIONING_SYSTEM = "apple-generic";
				VERSION_INFO_PREFIX = "";
			};
			name = Debug;
		};
		74A5106B289F9FDE0094E1C8 /* Release */ = {
			isa = XCBuildConfiguration;
			buildSettings = {
				CLANG_ENABLE_MODULES = YES;
				CODE_SIGN_STYLE = Automatic;
				CURRENT_PROJECT_VERSION = 1;
				DEFINES_MODULE = YES;
				DEVELOPMENT_TEAM = BCHSN8LJQT;
				DYLIB_COMPATIBILITY_VERSION = 1;
				DYLIB_CURRENT_VERSION = 1;
				DYLIB_INSTALL_NAME_BASE = "@rpath";
				GENERATE_INFOPLIST_FILE = YES;
				INFOPLIST_KEY_NSHumanReadableCopyright = "";
				INSTALL_PATH = "$(LOCAL_LIBRARY_DIR)/Frameworks";
				IPHONEOS_DEPLOYMENT_TARGET = 16.0;
				LD_RUNPATH_SEARCH_PATHS = (
					"@executable_path/Frameworks",
					"@loader_path/Frameworks",
				);
				"LD_RUNPATH_SEARCH_PATHS[sdk=macosx*]" = (
					"@executable_path/../Frameworks",
					"@loader_path/Frameworks",
				);
				MACOSX_DEPLOYMENT_TARGET = 12.5;
				MARKETING_VERSION = 1.0;
				PRODUCT_BUNDLE_IDENTIFIER = "com.zrn-ns.APIClient";
				PRODUCT_NAME = "$(TARGET_NAME:c99extidentifier)";
				SDKROOT = auto;
				SKIP_INSTALL = YES;
				SUPPORTED_PLATFORMS = "iphoneos iphonesimulator macosx";
				SWIFT_EMIT_LOC_STRINGS = YES;
				SWIFT_VERSION = 5.0;
				TARGETED_DEVICE_FAMILY = "1,2";
				VERSIONING_SYSTEM = "apple-generic";
				VERSION_INFO_PREFIX = "";
			};
			name = Release;
		};
/* End XCBuildConfiguration section */

/* Begin XCConfigurationList section */
		746508DB28951782009B554D /* Build configuration list for PBXProject "UserProfileSampleApp" */ = {
			isa = XCConfigurationList;
			buildConfigurations = (
				746508EC28951783009B554D /* Debug */,
				746508ED28951783009B554D /* Release */,
			);
			defaultConfigurationIsVisible = 0;
			defaultConfigurationName = Release;
		};
		746508EE28951783009B554D /* Build configuration list for PBXNativeTarget "App" */ = {
			isa = XCConfigurationList;
			buildConfigurations = (
				746508EF28951783009B554D /* Debug */,
				746508F028951783009B554D /* Release */,
			);
			defaultConfigurationIsVisible = 0;
			defaultConfigurationName = Release;
		};
		74A51069289F9FDE0094E1C8 /* Build configuration list for PBXNativeTarget "APIClient" */ = {
			isa = XCConfigurationList;
			buildConfigurations = (
				74A5106A289F9FDE0094E1C8 /* Debug */,
				74A5106B289F9FDE0094E1C8 /* Release */,
			);
			defaultConfigurationIsVisible = 0;
			defaultConfigurationName = Release;
		};
/* End XCConfigurationList section */

/* Begin XCRemoteSwiftPackageReference section */
		74A5103B289F6E7D0094E1C8 /* XCRemoteSwiftPackageReference "R.swift" */ = {
			isa = XCRemoteSwiftPackageReference;
			repositoryURL = "https://github.com/mac-cain13/R.swift.Library";
			requirement = {
				kind = upToNextMajorVersion;
				minimumVersion = 5.4.0;
			};
		};
		74A5104C289F9E770094E1C8 /* XCRemoteSwiftPackageReference "Alamofire" */ = {
			isa = XCRemoteSwiftPackageReference;
			repositoryURL = "https://github.com/Alamofire/Alamofire.git";
			requirement = {
				kind = upToNextMajorVersion;
				minimumVersion = 5.0.0;
			};
		};
/* End XCRemoteSwiftPackageReference section */

/* Begin XCSwiftPackageProductDependency section */
		74A5103C289F6E7D0094E1C8 /* Rswift */ = {
			isa = XCSwiftPackageProductDependency;
			package = 74A5103B289F6E7D0094E1C8 /* XCRemoteSwiftPackageReference "R.swift" */;
			productName = Rswift;
		};
		74A51071289FA0220094E1C8 /* Alamofire */ = {
			isa = XCSwiftPackageProductDependency;
			package = 74A5104C289F9E770094E1C8 /* XCRemoteSwiftPackageReference "Alamofire" */;
			productName = Alamofire;
		};
/* End XCSwiftPackageProductDependency section */
	};
	rootObject = 746508D828951782009B554D /* Project object */;
}
